{
    "name": "@github/copilot-language-server",
    "version": "1.511.0",
    "lockfileVersion": 3,
    "requires": true,
    "packages": {
        "": {
            "name": "@github/copilot-language-server",
            "version": "1.511.0",
            "license": "MIT",
            "dependencies": {
                "vscode-languageserver-protocol": "^3.17.5"
            },
            "bin": {
                "copilot-language-server": "dist/language-server.js"
            },
            "optionalDependencies": {
                "@github/copilot-language-server-darwin-arm64": "1.511.0",
                "@github/copilot-language-server-darwin-x64": "1.511.0",
                "@github/copilot-language-server-linux-arm64": "1.511.0",
                "@github/copilot-language-server-linux-x64": "1.511.0",
                "@github/copilot-language-server-win32-arm64": "1.511.0",
                "@github/copilot-language-server-win32-x64": "1.511.0"
            }
        },
        "node_modules/@github/copilot-language-server-darwin-arm64": {
            "version": "1.511.0",
            "resolved": "https://registry.npmjs.org/@github/copilot-language-server-darwin-arm64/-/copilot-language-server-darwin-arm64-1.511.0.tgz",
            "integrity": "sha512-rTXYkGLpjE/d5yhKpMSaXsksgSNTsF65bfFicuQ9cpO27O5GHOsR15uExciFNYLprD0GJJOr/IsdUT5AHCz39Q==",
            "cpu": [
                "arm64"
            ],
            "license": "MIT",
            "optional": true,
            "os": [
                "darwin"
            ]
        },
        "node_modules/@github/copilot-language-server-darwin-x64": {
            "version": "1.511.0",
            "resolved": "https://registry.npmjs.org/@github/copilot-language-server-darwin-x64/-/copilot-language-server-darwin-x64-1.511.0.tgz",
            "integrity": "sha512-9arnZC2KH/isi5+GhX0Id68/O8LYHZilQ7GFsHuzoJLqkQkA2jlC50WhGjeG2oZqKEQ71/O4diZ8FxQ9PTImvQ==",
            "cpu": [
                "x64"
            ],
            "license": "MIT",
            "optional": true,
            "os": [
                "darwin"
            ]
        },
        "node_modules/@github/copilot-language-server-linux-arm64": {
            "version": "1.511.0",
            "resolved": "https://registry.npmjs.org/@github/copilot-language-server-linux-arm64/-/copilot-language-server-linux-arm64-1.511.0.tgz",
            "integrity": "sha512-2vTO+xdtxnJ2MGtBxexkNo3qbS/fge+Z9iYpIaKr5dDU/BAhqM/FesYuC3QYZI8w7GSjj+HA+TFEO43xaMaGWw==",
            "cpu": [
                "arm64"
            ],
            "license": "MIT",
            "optional": true,
            "os": [
                "linux"
            ]
        },
        "node_modules/@github/copilot-language-server-linux-x64": {
            "version": "1.511.0",
            "resolved": "https://registry.npmjs.org/@github/copilot-language-server-linux-x64/-/copilot-language-server-linux-x64-1.511.0.tgz",
            "integrity": "sha512-vuOwjgJr60mDRAj/sz225Ia+/CThXOTFZtsZYjyu//7jzlZz09gbJX1XNUohrMfKjQUFF2DnqCeX25v5SrU2qg==",
            "cpu": [
                "x64"
            ],
            "license": "MIT",
            "optional": true,
            "os": [
                "linux"
            ]
        },
        "node_modules/@github/copilot-language-server-win32-arm64": {
            "version": "1.511.0",
            "resolved": "https://registry.npmjs.org/@github/copilot-language-server-win32-arm64/-/copilot-language-server-win32-arm64-1.511.0.tgz",
            "integrity": "sha512-KawnvSuaHnYQSVQouUKGbJX0GiKRafB0f/mjPpD+Z0ccRqd7dtaM0/nZZxylsyglzVGXVRjzCPSgC/T7mEQMxg==",
            "cpu": [
                "arm64"
            ],
            "license": "MIT",
            "optional": true,
            "os": [
                "win32"
            ]
        },
        "node_modules/@github/copilot-language-server-win32-x64": {
            "version": "1.511.0",
            "resolved": "https://registry.npmjs.org/@github/copilot-language-server-win32-x64/-/copilot-language-server-win32-x64-1.511.0.tgz",
            "integrity": "sha512-+Fp8Je5CaOpOaI05Dg+n7Hho+j0RDKLPzKtaxTgthvRtqotzQ7rHqDatN5Rlt2O1TLIlX8MeUBvjS4MO8o6UEA==",
            "cpu": [
                "x64"
            ],
            "license": "MIT",
            "optional": true,
            "os": [
                "win32"
            ]
        },
        "node_modules/vscode-jsonrpc": {
            "version": "9.0.0",
            "resolved": "https://registry.npmjs.org/vscode-jsonrpc/-/vscode-jsonrpc-9.0.0.tgz",
            "integrity": "sha512-+VvMmQPJhtvJ+8O+zu2JKIRiLxXF8NW7krWgyMGeOHrp4Cn23T5hc0v2LknNeopDOB70wghHAds7mKtcZ0I4Sg==",
            "license": "MIT",
            "engines": {
                "node": ">=14.0.0"
            }
        },
        "node_modules/vscode-languageserver-protocol": {
            "version": "3.18.1",
            "resolved": "https://registry.npmjs.org/vscode-languageserver-protocol/-/vscode-languageserver-protocol-3.18.1.tgz",
            "integrity": "sha512-RTiiVHdpxpYcJVI5sq6S5TLjQ4WDR/rBrIWru+kPXe6sGQ9PFQ3GamrTKLvPqbR4ylr1SoodhmcqbFII0WXVuw==",
            "license": "MIT",
            "dependencies": {
                "vscode-jsonrpc": "9.0.0",
                "vscode-languageserver-types": "3.18.0"
            }
        },
        "node_modules/vscode-languageserver-types": {
            "version": "3.18.0",
            "resolved": "https://registry.npmjs.org/vscode-languageserver-types/-/vscode-languageserver-types-3.18.0.tgz",
            "integrity": "sha512-8TsGPNMIMiiBdkORgRSvLjuiEIiAFtO+KssmYWxQ+uSVvlf7RjK8YKCOjPzZ+YA04jXEV7+7LvkSmHkhpNS99g==",
            "license": "MIT"
        }
    }
}
